Microsoft Visual Studio Solution File, Format Version 12.00
# Visual Studio Version 17
VisualStudioVersion = 17.5.2.0
MinimumVisualStudioVersion = 10.0.40219.1
Project("{FAE04EC0-301F-11D3-BF4B-00C04F79EFBC}") = "4.4 Yaroslav and time", "4.4 Yaroslav and time.csproj", "{20F9D0D1-53DA-9E00-87C6-F06FDA1AC8A1}"
EndProject
Global
	GlobalSection(SolutionConfigurationPlatforms) = preSolution
		Debug|Any CPU = Debug|Any CPU
		Release|Any CPU = Release|Any CPU
	EndGlobalSection
	GlobalSection(ProjectConfigurationPlatforms) = postSolution
		{20F9D0D1-53DA-9E00-87C6-F06FDA1AC8A1}.Debug|Any CPU.ActiveCfg = Debug|Any CPU
		{20F9D0D1-53DA-9E00-87C6-F06FDA1AC8A1}.Debug|Any CPU.Build.0 = Debug|Any CPU
		{20F9D0D1-53DA-9E00-87C6-F06FDA1AC8A1}.Release|Any CPU.ActiveCfg = Release|Any CPU
		{20F9D0D1-53DA-9E00-87C6-F06FDA1AC8A1}.Release|Any CPU.Build.0 = Release|Any CPU
	EndGlobalSection
	GlobalSection(SolutionProperties) = preSolution
		HideSolutionNode = FALSE
	EndGlobalSection
	GlobalSection(ExtensibilityGlobals) = postSolution
		SolutionGuid = {93FA236A-88CF-4836-9238-36B9AF1DA2DA}
	EndGlobalSection
EndGlobal
